
Microsoft Visual Studio Solution File, Format Version 12.00
# Visual Studio Version 17
VisualStudioVersion = 17.10.34928.147
MinimumVisualStudioVersion = 10.0.40219.1
Project("{FAE04EC0-301F-11D3-BF4B-00C04F79EFBC}") = "Sockets", "Sockets\Sockets.csproj", "{66FBDBE3-281B-465F-B0A3-4C007B7EB97C}"
EndProject
Global
	GlobalSection(SolutionConfigurationPlatforms) = preSolution
		Debug|Any CPU = Debug|Any CPU
		Release|Any CPU = Release|Any CPU
	EndGlobalSection
	GlobalSection(ProjectConfigurationPlatforms) = postSolution
		{66FBDBE3-281B-465F-B0A3-4C007B7EB97C}.Debug|Any CPU.ActiveCfg = Debug|Any CPU
		{66FBDBE3-281B-465F-B0A3-4C007B7EB97C}.Debug|Any CPU.Build.0 = Debug|Any CPU
		{66FBDBE3-281B-465F-B0A3-4C007B7EB97C}.Release|Any CPU.ActiveCfg = Release|Any CPU
		{66FBDBE3-281B-465F-B0A3-4C007B7EB97C}.Release|Any CPU.Build.0 = Release|Any CPU
	EndGlobalSection
	GlobalSection(SolutionProperties) = preSolution
		HideSolutionNode = FALSE
	EndGlobalSection
	GlobalSection(ExtensibilityGlobals) = postSolution
		SolutionGuid = {BE3AB0C0-A7B0-45D0-BF7E-71479F2F001B}
	EndGlobalSection
EndGlobal
